Microsoft Visual Studio Solution File, Format Version 12.00
# Visual Studio Version 17
VisualStudioVersion = 17.0.31903.59
MinimumVisualStudioVersion = 10.0.40219.1
Project("{FAE04EC0-301F-11D3-BF4B-00C04F79EFBC}") = "CellularSim", "CellularSim\CellularSim.csproj", "{94D8CFA6-9A42-4D3C-9F14-19E20769D101}"
EndProject
Project("{FAE04EC0-301F-11D3-BF4B-00C04F79EFBC}") = "CellularSim.Tests", "CellularSim.Tests\CellularSim.Tests.csproj", "{77E4BB59-D965-4885-A7D1-9B8F2B277BA3}"
EndProject
Project("{FAE04EC0-301F-11D3-BF4B-00C04F79EFBC}") = "CellularSim.Examples", "CellularSim.Examples\CellularSim.Examples.csproj", "{3EF44820-58F4-479D-A375-153907C5E3F2}"
EndProject
Global
	GlobalSection(SolutionConfigurationPlatforms) = preSolution
		Debug|Any CPU = Debug|Any CPU
		Release|Any CPU = Release|Any CPU
	EndGlobalSection
	GlobalSection(ProjectConfigurationPlatforms) = postSolution
		{94D8CFA6-9A42-4D3C-9F14-19E20769D101}.Debug|Any CPU.ActiveCfg = Debug|Any CPU
		{94D8CFA6-9A42-4D3C-9F14-19E20769D101}.Debug|Any CPU.Build.0 = Debug|Any CPU
		{94D8CFA6-9A42-4D3C-9F14-19E20769D101}.Release|Any CPU.ActiveCfg = Release|Any CPU
		{94D8CFA6-9A42-4D3C-9F14-19E20769D101}.Release|Any CPU.Build.0 = Release|Any CPU
		{77E4BB59-D965-4885-A7D1-9B8F2B277BA3}.Debug|Any CPU.ActiveCfg = Debug|Any CPU
		{77E4BB59-D965-4885-A7D1-9B8F2B277BA3}.Debug|Any CPU.Build.0 = Debug|Any CPU
		{77E4BB59-D965-4885-A7D1-9B8F2B277BA3}.Release|Any CPU.ActiveCfg = Release|Any CPU
		{77E4BB59-D965-4885-A7D1-9B8F2B277BA3}.Release|Any CPU.Build.0 = Release|Any CPU
		{3EF44820-58F4-479D-A375-153907C5E3F2}.Debug|Any CPU.ActiveCfg = Debug|Any CPU
		{3EF44820-58F4-479D-A375-153907C5E3F2}.Debug|Any CPU.Build.0 = Debug|Any CPU
		{3EF44820-58F4-479D-A375-153907C5E3F2}.Release|Any CPU.ActiveCfg = Release|Any CPU
		{3EF44820-58F4-479D-A375-153907C5E3F2}.Release|Any CPU.Build.0 = Release|Any CPU
	EndGlobalSection
	GlobalSection(SolutionProperties) = preSolution
		HideSolutionNode = FALSE
	EndGlobalSection
EndGlobal
